
Microsoft Visual Studio Solution File, Format Version 12.00
# Visual Studio Version 17
VisualStudioVersion = 17.12.35527.113
MinimumVisualStudioVersion = 10.0.40219.1
Project("{FAE04EC0-301F-11D3-BF4B-00C04F79EFBC}") = "Cental.EntityLayer", "Cental.EntityLayer\Cental.EntityLayer.csproj", "{1D52EC76-807B-40B5-A57F-B1B9F33FD895}"
EndProject
Project("{FAE04EC0-301F-11D3-BF4B-00C04F79EFBC}") = "Cental.DataAccessLayer", "Cental.DataAccessLayer\Cental.DataAccessLayer.csproj", "{46C244EB-A79A-4EFA-BFB9-E4AF79CD0AA0}"
EndProject
Project("{FAE04EC0-301F-11D3-BF4B-00C04F79EFBC}") = "Cental.BusinessLayer", "Cental.BusinessLayer\Cental.BusinessLayer.csproj", "{C45429B1-281E-4D6B-9E7F-880328C59CCA}"
EndProject
Project("{FAE04EC0-301F-11D3-BF4B-00C04F79EFBC}") = "Cental.DtoLayer", "Cental.DtoLayer\Cental.DtoLayer.csproj", "{47AFCBAB-315D-4B1A-9CDA-4F915D6AF652}"
EndProject
Project("{FAE04EC0-301F-11D3-BF4B-00C04F79EFBC}") = "Cental.WebUI", "Cental.WebUI\Cental.WebUI.csproj", "{E74DB6E0-5E1E-4F86-88C6-7188551D3D3F}"
EndProject
Global
	GlobalSection(SolutionConfigurationPlatforms) = preSolution
		Debug|Any CPU = Debug|Any CPU
		Release|Any CPU = Release|Any CPU
	EndGlobalSection
	GlobalSection(ProjectConfigurationPlatforms) = postSolution
		{1D52EC76-807B-40B5-A57F-B1B9F33FD895}.Debug|Any CPU.ActiveCfg = Debug|Any CPU
		{1D52EC76-807B-40B5-A57F-B1B9F33FD895}.Debug|Any CPU.Build.0 = Debug|Any CPU
		{1D52EC76-807B-40B5-A57F-B1B9F33FD895}.Release|Any CPU.ActiveCfg = Release|Any CPU
		{1D52EC76-807B-40B5-A57F-B1B9F33FD895}.Release|Any CPU.Build.0 = Release|Any CPU
		{46C244EB-A79A-4EFA-BFB9-E4AF79CD0AA0}.Debug|Any CPU.ActiveCfg = Debug|Any CPU
		{46C244EB-A79A-4EFA-BFB9-E4AF79CD0AA0}.Debug|Any CPU.Build.0 = Debug|Any CPU
		{46C244EB-A79A-4EFA-BFB9-E4AF79CD0AA0}.Release|Any CPU.ActiveCfg = Release|Any CPU
		{46C244EB-A79A-4EFA-BFB9-E4AF79CD0AA0}.Release|Any CPU.Build.0 = Release|Any CPU
		{C45429B1-281E-4D6B-9E7F-880328C59CCA}.Debug|Any CPU.ActiveCfg = Debug|Any CPU
		{C45429B1-281E-4D6B-9E7F-880328C59CCA}.Debug|Any CPU.Build.0 = Debug|Any CPU
		{C45429B1-281E-4D6B-9E7F-880328C59CCA}.Release|Any CPU.ActiveCfg = Release|Any CPU
		{C45429B1-281E-4D6B-9E7F-880328C59CCA}.Release|Any CPU.Build.0 = Release|Any CPU
		{47AFCBAB-315D-4B1A-9CDA-4F915D6AF652}.Debug|Any CPU.ActiveCfg = Debug|Any CPU
		{47AFCBAB-315D-4B1A-9CDA-4F915D6AF652}.Debug|Any CPU.Build.0 = Debug|Any CPU
		{47AFCBAB-315D-4B1A-9CDA-4F915D6AF652}.Release|Any CPU.ActiveCfg = Release|Any CPU
		{47AFCBAB-315D-4B1A-9CDA-4F915D6AF652}.Release|Any CPU.Build.0 = Release|Any CPU
		{E74DB6E0-5E1E-4F86-88C6-7188551D3D3F}.Debug|Any CPU.ActiveCfg = Debug|Any CPU
		{E74DB6E0-5E1E-4F86-88C6-7188551D3D3F}.Debug|Any CPU.Build.0 = Debug|Any CPU
		{E74DB6E0-5E1E-4F86-88C6-7188551D3D3F}.Release|Any CPU.ActiveCfg = Release|Any CPU
		{E74DB6E0-5E1E-4F86-88C6-7188551D3D3F}.Release|Any CPU.Build.0 = Release|Any CPU
	EndGlobalSection
	GlobalSection(SolutionProperties) = preSolution
		HideSolutionNode = FALSE
	EndGlobalSection
EndGlobal
